
Microsoft Visual Studio Solution File, Format Version 12.00
# Visual Studio Version 16
VisualStudioVersion = 16.0.30114.105
MinimumVisualStudioVersion = 10.0.40219.1
Project("{2150E333-8FDC-42A3-9474-1A3956D46DE8}") = "src", "src", "{A65F2295-90B7-49AC-BB02-D2193E8EFAA1}"
EndProject
Project("{FAE04EC0-301F-11D3-BF4B-00C04F79EFBC}") = "TemplateFastEndpoints.API", "src\TemplateFastEndpoints.API\TemplateFastEndpoints.API.csproj", "{AB27B72D-9C9F-4CF6-8AA0-80190192622E}"
EndProject
Project("{2150E333-8FDC-42A3-9474-1A3956D46DE8}") = "tests", "tests", "{429D1D08-E559-4703-A15F-A82ADA83018C}"
EndProject
Project("{FAE04EC0-301F-11D3-BF4B-00C04F79EFBC}") = "TemplateFastEndpoints.E2E.Tests", "tests\TemplateFastEndpoints.API.E2E.Tests\TemplateFastEndpoints.E2E.Tests.csproj", "{A366AADE-7755-4D1A-B067-09ABD9CBD0B5}"
EndProject
Global
	GlobalSection(SolutionConfigurationPlatforms) = preSolution
		Debug|Any CPU = Debug|Any CPU
		Release|Any CPU = Release|Any CPU
	EndGlobalSection
	GlobalSection(SolutionProperties) = preSolution
		HideSolutionNode = FALSE
	EndGlobalSection
	GlobalSection(ProjectConfigurationPlatforms) = postSolution
		{AB27B72D-9C9F-4CF6-8AA0-80190192622E}.Debug|Any CPU.ActiveCfg = Debug|Any CPU
		{AB27B72D-9C9F-4CF6-8AA0-80190192622E}.Debug|Any CPU.Build.0 = Debug|Any CPU
		{AB27B72D-9C9F-4CF6-8AA0-80190192622E}.Release|Any CPU.ActiveCfg = Release|Any CPU
		{AB27B72D-9C9F-4CF6-8AA0-80190192622E}.Release|Any CPU.Build.0 = Release|Any CPU
		{A366AADE-7755-4D1A-B067-09ABD9CBD0B5}.Debug|Any CPU.ActiveCfg = Debug|Any CPU
		{A366AADE-7755-4D1A-B067-09ABD9CBD0B5}.Debug|Any CPU.Build.0 = Debug|Any CPU
		{A366AADE-7755-4D1A-B067-09ABD9CBD0B5}.Release|Any CPU.ActiveCfg = Release|Any CPU
		{A366AADE-7755-4D1A-B067-09ABD9CBD0B5}.Release|Any CPU.Build.0 = Release|Any CPU
	EndGlobalSection
	GlobalSection(NestedProjects) = preSolution
		{AB27B72D-9C9F-4CF6-8AA0-80190192622E} = {A65F2295-90B7-49AC-BB02-D2193E8EFAA1}
		{A366AADE-7755-4D1A-B067-09ABD9CBD0B5} = {429D1D08-E559-4703-A15F-A82ADA83018C}
	EndGlobalSection
EndGlobal
