
Microsoft Visual Studio Solution File, Format Version 12.00
# Visual Studio Version 16
VisualStudioVersion = 16.0.30114.105
MinimumVisualStudioVersion = 10.0.40219.1
Project("{2150E333-8FDC-42A3-9474-1A3956D46DE8}") = "tests", "tests", "{A7B1E56F-3513-47F6-AB8B-9C29660EA2A4}"
EndProject
Project("{FAE04EC0-301F-11D3-BF4B-00C04F79EFBC}") = "TemplateFastEndpoints.API.E2E.Tests", "tests\TemplateFastEndpoints.API.E2E.Tests\TemplateFastEndpoints.API.E2E.Tests.csproj", "{6EB64484-67A2-4CD5-B0F2-3011404D6C4D}"
EndProject
Project("{2150E333-8FDC-42A3-9474-1A3956D46DE8}") = "src", "src", "{A9CED488-D3A4-4556-A93D-0511C8ABF1D8}"
EndProject
Project("{FAE04EC0-301F-11D3-BF4B-00C04F79EFBC}") = "TemplateFastEndpoints.API", "src\TemplateFastEndpoints.API\TemplateFastEndpoints.API.csproj", "{8849DB04-EE08-4A25-A847-846E1A002413}"
EndProject
Global
	GlobalSection(SolutionConfigurationPlatforms) = preSolution
		Debug|Any CPU = Debug|Any CPU
		Release|Any CPU = Release|Any CPU
	EndGlobalSection
	GlobalSection(SolutionProperties) = preSolution
		HideSolutionNode = FALSE
	EndGlobalSection
	GlobalSection(ProjectConfigurationPlatforms) = postSolution
		{6EB64484-67A2-4CD5-B0F2-3011404D6C4D}.Debug|Any CPU.ActiveCfg = Debug|Any CPU
		{6EB64484-67A2-4CD5-B0F2-3011404D6C4D}.Debug|Any CPU.Build.0 = Debug|Any CPU
		{6EB64484-67A2-4CD5-B0F2-3011404D6C4D}.Release|Any CPU.ActiveCfg = Release|Any CPU
		{6EB64484-67A2-4CD5-B0F2-3011404D6C4D}.Release|Any CPU.Build.0 = Release|Any CPU
		{8849DB04-EE08-4A25-A847-846E1A002413}.Debug|Any CPU.ActiveCfg = Debug|Any CPU
		{8849DB04-EE08-4A25-A847-846E1A002413}.Debug|Any CPU.Build.0 = Debug|Any CPU
		{8849DB04-EE08-4A25-A847-846E1A002413}.Release|Any CPU.ActiveCfg = Release|Any CPU
		{8849DB04-EE08-4A25-A847-846E1A002413}.Release|Any CPU.Build.0 = Release|Any CPU
	EndGlobalSection
	GlobalSection(NestedProjects) = preSolution
		{6EB64484-67A2-4CD5-B0F2-3011404D6C4D} = {A7B1E56F-3513-47F6-AB8B-9C29660EA2A4}
		{8849DB04-EE08-4A25-A847-846E1A002413} = {A9CED488-D3A4-4556-A93D-0511C8ABF1D8}
	EndGlobalSection
EndGlobal
